// !$*UTF8*$!
{
	archiveVersion = 1;
	classes = {
	};
	objectVersion = 77;
	objects = {

/* Begin PBXContainerItemProxy section */
		F08E18912DF7949A00FC4ECB /* PBXContainerItemProxy */ = {
			isa = PBXContainerItemProxy;
			containerPortal = F08E18782DF7949900FC4ECB /* Project object */;
			proxyType = 1;
			remoteGlobalIDString = F08E187F2DF7949900FC4ECB;
			remoteInfo = GitSwiftCalculator;
		};
		F08E189B2DF7949A00FC4ECB /* PBXContainerItemProxy */ = {
			isa = PBXContainerItemProxy;
			containerPortal = F08E18782DF7949900FC4ECB /* Project object */;
			proxyType = 1;
			remoteGlobalIDString = F08E187F2DF7949900FC4ECB;
			remoteInfo = GitSwiftCalculator;
		};
/* End PBXContainerItemProxy section */

/* Begin PBXFileReference section */
		F08E18802DF7949900FC4ECB /* GitSwiftCalculator.app */ = {isa = PBXFileReference; explicitFileType = wrapper.application; includeInIndex = 0; path = GitSwiftCalculator.app; sourceTree = BUILT_PRODUCTS_DIR; };
		F08E18902DF7949A00FC4ECB /* GitSwiftCalculatorTests.xctest */ = {isa = PBXFileReference; explicitFileType = wrapper.cfbundle; includeInIndex = 0; path = GitSwiftCalculatorTests.xctest; sourceTree = BUILT_PRODUCTS_DIR; };
		F08E189A2DF7949A00FC4ECB /* GitSwiftCalculatorUITests.xctest */ = {isa = PBXFileReference; explicitFileType = wrapper.cfbundle; includeInIndex = 0; path = GitSwiftCalculatorUITests.xctest; sourceTree = BUILT_PRODUCTS_DIR; };
/* End PBXFileReference section */

/* Begin PBXFileSystemSynchronizedRootGroup section */
		F08E18822DF7949900FC4ECB /* GitSwiftCalculator */ = {
			isa = PBXFileSystemSynchronizedRootGroup;
			path = GitSwiftCalculator;
			sourceTree = "<group>";
		};
		F08E18932DF7949A00FC4ECB /* GitSwiftCalculatorTests */ = {
			isa = PBXFileSystemSynchronizedRootGroup;
			path = GitSwiftCalculatorTests;
			sourceTree = "<group>";
		};
		F08E189D2DF7949A00FC4ECB /* GitSwiftCalculatorUITests */ = {
			isa = PBXFileSystemSynchronizedRootGroup;
			path = GitSwiftCalculatorUITests;
			sourceTree = "<group>";
		};
/* End PBXFileSystemSynchronizedRootGroup section */

/* Begin PBXFrameworksBuildPhase section */
		F08E187D2DF7949900FC4ECB /* Frameworks */ = {
			isa = PBXFrameworksBuildPhase;
			buildActionMask = 2147483647;
			files = (
			);
			runOnlyForDeploymentPostprocessing = 0;
		};
		F08E188D2DF7949A00FC4ECB /* Frameworks */ = {
			isa = PBXFrameworksBuildPhase;
			buildActionMask = 2147483647;
			files = (
			);
			runOnlyForDeploymentPostprocessing = 0;
		};
		F08E18972DF7949A00FC4ECB /* Frameworks */ = {
			isa = PBXFrameworksBuildPhase;
			buildActionMask = 2147483647;
			files = (
			);
			runOnlyForDeploymentPostprocessing = 0;
		};
/* End PBXFrameworksBuildPhase section */

/* Begin PBXGroup section */
		F08E18772DF7949900FC4ECB = {
			isa = PBXGroup;
			children = (
				F08E18822DF7949900FC4ECB /* GitSwiftCalculator */,
				F08E18932DF7949A00FC4ECB /* GitSwiftCalculatorTests */,
				F08E189D2DF7949A00FC4ECB /* GitSwiftCalculatorUITests */,
				F08E18812DF7949900FC4ECB /* Products */,
			);
			sourceTree = "<group>";
		};
		F08E18812DF7949900FC4ECB /* Products */ = {
			isa = PBXGroup;
			children = (
				F08E18802DF7949900FC4ECB /* GitSwiftCalculator.app */,
				F08E18902DF7949A00FC4ECB /* GitSwiftCalculatorTests.xctest */,
				F08E189A2DF7949A00FC4ECB /* GitSwiftCalculatorUITests.xctest */,
			);
			name = Products;
			sourceTree = "<group>";
		};
/* End PBXGroup section */

/* Begin PBXNativeTarget section */
		F08E187F2DF7949900FC4ECB /* GitSwiftCalculator */ = {
			isa = PBXNativeTarget;
			buildConfigurationList = F08E18A42DF7949A00FC4ECB /* Build configuration list for PBXNativeTarget "GitSwiftCalculator" */;
			buildPhases = (
				F08E187C2DF7949900FC4ECB /* Sources */,
				F08E187D2DF7949900FC4ECB /* Frameworks */,
				F08E187E2DF7949900FC4ECB /* Resources */,
			);
			buildRules = (
			);
			dependencies = (
			);
			fileSystemSynchronizedGroups = (
				F08E18822DF7949900FC4ECB /* GitSwiftCalculator */,
			);
			name = GitSwiftCalculator;
			packageProductDependencies = (
			);
			productName = GitSwiftCalculator;
			productReference = F08E18802DF7949900FC4ECB /* GitSwiftCalculator.app */;
			productType = "com.apple.product-type.application";
		};
		F08E188F2DF7949A00FC4ECB /* GitSwiftCalculatorTests */ = {
			isa = PBXNativeTarget;
			buildConfigurationList = F08E18A72DF7949A00FC4ECB /* Build configuration list for PBXNativeTarget "GitSwiftCalculatorTests" */;
			buildPhases = (
				F08E188C2DF7949A00FC4ECB /* Sources */,
				F08E188D2DF7949A00FC4ECB /* Frameworks */,
				F08E188E2DF7949A00FC4ECB /* Resources */,
			);
			buildRules = (
			);
			dependencies = (
				F08E18922DF7949A00FC4ECB /* PBXTargetDependency */,
			);
			fileSystemSynchronizedGroups = (
				F08E18932DF7949A00FC4ECB /* GitSwiftCalculatorTests */,
			);
			name = GitSwiftCalculatorTests;
			packageProductDependencies = (
			);
			productName = GitSwiftCalculatorTests;
			productReference = F08E18902DF7949A00FC4ECB /* GitSwiftCalculatorTests.xctest */;
			productType = "com.apple.product-type.bundle.unit-test";
		};
		F08E18992DF7949A00FC4ECB /* GitSwiftCalculatorUITests */ = {
			isa = PBXNativeTarget;
			buildConfigurationList = F08E18AA2DF7949A00FC4ECB /* Build configuration list for PBXNativeTarget "GitSwiftCalculatorUITests" */;
			buildPhases = (
				F08E18962DF7949A00FC4ECB /* Sources */,
				F08E18972DF7949A00FC4ECB /* Frameworks */,
				F08E18982DF7949A00FC4ECB /* Resources */,
			);
			buildRules = (
			);
			dependencies = (
				F08E189C2DF7949A00FC4ECB /* PBXTargetDependency */,
			);
			fileSystemSynchronizedGroups = (
				F08E189D2DF7949A00FC4ECB /* GitSwiftCalculatorUITests */,
			);
			name = GitSwiftCalculatorUITests;
			packageProductDependencies = (
			);
			productName = GitSwiftCalculatorUITests;
			productReference = F08E189A2DF7949A00FC4ECB /* GitSwiftCalculatorUITests.xctest */;
			productType = "com.apple.product-type.bundle.ui-testing";
		};
/* End PBXNativeTarget section */

/* Begin PBXProject section */
		F08E18782DF7949900FC4ECB /* Project object */ = {
			isa = PBXProject;
			attributes = {
				BuildIndependentTargetsInParallel = 1;
				LastSwiftUpdateCheck = 1600;
				LastUpgradeCheck = 1600;
				TargetAttributes = {
					F08E187F2DF7949900FC4ECB = {
						CreatedOnToolsVersion = 16.0;
					};
					F08E188F2DF7949A00FC4ECB = {
						CreatedOnToolsVersion = 16.0;
						TestTargetID = F08E187F2DF7949900FC4ECB;
					};
					F08E18992DF7949A00FC4ECB = {
						CreatedOnToolsVersion = 16.0;
						TestTargetID = F08E187F2DF7949900FC4ECB;
					};
				};
			};
			buildConfigurationList = F08E187B2DF7949900FC4ECB /* Build configuration list for PBXProject "GitSwiftCalculator" */;
			developmentRegion = en;
			hasScannedForEncodings = 0;
			knownRegions = (
				en,
				Base,
			);
			mainGroup = F08E18772DF7949900FC4ECB;
			minimizedProjectReferenceProxies = 1;
			preferredProjectObjectVersion = 77;
			productRefGroup = F08E18812DF7949900FC4ECB /* Products */;
			projectDirPath = "";
			projectRoot = "";
			targets = (
				F08E187F2DF7949900FC4ECB /* GitSwiftCalculator */,
				F08E188F2DF7949A00FC4ECB /* GitSwiftCalculatorTests */,
				F08E18992DF7949A00FC4ECB /* GitSwiftCalculatorUITests */,
			);
		};
/* End PBXProject section */

/* Begin PBXResourcesBuildPhase section */
		F08E187E2DF7949900FC4ECB /* Resources */ = {
			isa = PBXResourcesBuildPhase;
			buildActionMask = 2147483647;
			files = (
			);
			runOnlyForDeploymentPostprocessing = 0;
		};
		F08E188E2DF7949A00FC4ECB /* Resources */ = {
			isa = PBXResourcesBuildPhase;
			buildActionMask = 2147483647;
			files = (
			);
			runOnlyForDeploymentPostprocessing = 0;
		};
		F08E18982DF7949A00FC4ECB /* Resources */ = {
			isa = PBXResourcesBuildPhase;
			buildActionMask = 2147483647;
			files = (
			);
			runOnlyForDeploymentPostprocessing = 0;
		};
/* End PBXResourcesBuildPhase section */

/* Begin PBXSourcesBuildPhase section */
		F08E187C2DF7949900FC4ECB /* Sources */ = {
			isa = PBXSourcesBuildPhase;
			buildActionMask = 2147483647;
			files = (
			);
			runOnlyForDeploymentPostprocessing = 0;
		};
		F08E188C2DF7949A00FC4ECB /* Sources */ = {
			isa = PBXSourcesBuildPhase;
			buildActionMask = 2147483647;
			files = (
			);
			runOnlyForDeploymentPostprocessing = 0;
		};
		F08E18962DF7949A00FC4ECB /* Sources */ = {
			isa = PBXSourcesBuildPhase;
			buildActionMask = 2147483647;
			files = (
			);
			runOnlyForDeploymentPostprocessing = 0;
		};
/* End PBXSourcesBuildPhase section */

/* Begin PBXTargetDependency section */
		F08E18922DF7949A00FC4ECB /* PBXTargetDependency */ = {
			isa = PBXTargetDependency;
			target = F08E187F2DF7949900FC4ECB /* GitSwiftCalculator */;
			targetProxy = F08E18912DF7949A00FC4ECB /* PBXContainerItemProxy */;
		};
		F08E189C2DF7949A00FC4ECB /* PBXTargetDependency */ = {
			isa = PBXTargetDependency;
			target = F08E187F2DF7949900FC4ECB /* GitSwiftCalculator */;
			targetProxy = F08E189B2DF7949A00FC4ECB /* PBXContainerItemProxy */;
		};
/* End PBXTargetDependency section */

/* Begin XCBuildConfiguration section */
		F08E18A22DF7949A00FC4ECB /* Debug */ = {
			isa = XCBuildConfiguration;
			buildSettings = {
				ALWAYS_SEARCH_USER_PATHS = NO;
				ASSETCATALOG_COMPILER_GENERATE_SWIFT_ASSET_SYMBOL_EXTENSIONS = YES;
				CLANG_ANALYZER_NONNULL = YES;
				CLANG_ANALYZER_NUMBER_OBJECT_CONVERSION = YES_AGGRESSIVE;
				CLANG_CXX_LANGUAGE_STANDARD = "gnu++20";
				CLANG_ENABLE_MODULES = YES;
				CLANG_ENABLE_OBJC_ARC = YES;
				CLANG_ENABLE_OBJC_WEAK = YES;
				CLANG_WARN_BLOCK_CAPTURE_AUTORELEASING = YES;
				CLANG_WARN_BOOL_CONVERSION = YES;
				CLANG_WARN_COMMA = YES;
				CLANG_WARN_CONSTANT_CONVERSION = YES;
				CLANG_WARN_DEPRECATED_OBJC_IMPLEMENTATIONS = YES;
				CLANG_WARN_DIRECT_OBJC_ISA_USAGE = YES_ERROR;
				CLANG_WARN_DOCUMENTATION_COMMENTS = YES;
				CLANG_WARN_EMPTY_BODY = YES;
				CLANG_WARN_ENUM_CONVERSION = YES;
				CLANG_WARN_INFINITE_RECURSION = YES;
				CLANG_WARN_INT_CONVERSION = YES;
				CLANG_WARN_NON_LITERAL_NULL_CONVERSION = YES;
				CLANG_WARN_OBJC_IMPLICIT_RETAIN_SELF = YES;
				CLANG_WARN_OBJC_LITERAL_CONVERSION = YES;
				CLANG_WARN_OBJC_ROOT_CLASS = YES_ERROR;
				CLANG_WARN_QUOTED_INCLUDE_IN_FRAMEWORK_HEADER = YES;
				CLANG_WARN_RANGE_LOOP_ANALYSIS = YES;
				CLANG_WARN_STRICT_PROTOTYPES = YES;
				CLANG_WARN_SUSPICIOUS_MOVE = YES;
				CLANG_WARN_UNGUARDED_AVAILABILITY = YES_AGGRESSIVE;
				CLANG_WARN_UNREACHABLE_CODE = YES;
				CLANG_WARN__DUPLICATE_METHOD_MATCH = YES;
				COPY_PHASE_STRIP = NO;
				DEBUG_INFORMATION_FORMAT = dwarf;
				ENABLE_STRICT_OBJC_MSGSEND = YES;
				ENABLE_TESTABILITY = YES;
				ENABLE_USER_SCRIPT_SANDBOXING = YES;
				GCC_C_LANGUAGE_STANDARD = gnu17;
				GCC_DYNAMIC_NO_PIC = NO;
				GCC_NO_COMMON_BLOCKS = YES;
				GCC_OPTIMIZATION_LEVEL = 0;
				GCC_PREPROCESSOR_DEFINITIONS = (
					"DEBUG=1",
					"$(inherited)",
				);
				GCC_WARN_64_TO_32_BIT_CONVERSION = YES;
				GCC_WARN_ABOUT_RETURN_TYPE = YES_ERROR;
				GCC_WARN_UNDECLARED_SELECTOR = YES;
				GCC_WARN_UNINITIALIZED_AUTOS = YES_AGGRESSIVE;
				GCC_WARN_UNUSED_FUNCTION = YES;
				GCC_WARN_UNUSED_VARIABLE = YES;
				IPHONEOS_DEPLOYMENT_TARGET = 18.0;
				LOCALIZATION_PREFERS_STRING_CATALOGS = YES;
				MTL_ENABLE_DEBUG_INFO = INCLUDE_SOURCE;
				MTL_FAST_MATH = YES;
				ONLY_ACTIVE_ARCH = YES;
				SDKROOT = iphoneos;
				SWIFT_ACTIVE_COMPILATION_CONDITIONS = "DEBUG $(inherited)";
				SWIFT_OPTIMIZATION_LEVEL = "-Onone";
			};
			name = Debug;
		};
		F08E18A32DF7949A00FC4ECB /* Release */ = {
			isa = XCBuildConfiguration;
			buildSettings = {
				ALWAYS_SEARCH_USER_PATHS = NO;
				ASSETCATALOG_COMPILER_GENERATE_SWIFT_ASSET_SYMBOL_EXTENSIONS = YES;
				CLANG_ANALYZER_NONNULL = YES;
				CLANG_ANALYZER_NUMBER_OBJECT_CONVERSION = YES_AGGRESSIVE;
				CLANG_CXX_LANGUAGE_STANDARD = "gnu++20";
				CLANG_ENABLE_MODULES = YES;
				CLANG_ENABLE_OBJC_ARC = YES;
				CLANG_ENABLE_OBJC_WEAK = YES;
				CLANG_WARN_BLOCK_CAPTURE_AUTORELEASING = YES;
				CLANG_WARN_BOOL_CONVERSION = YES;
				CLANG_WARN_COMMA = YES;
				CLANG_WARN_CONSTANT_CONVERSION = YES;
				CLANG_WARN_DEPRECATED_OBJC_IMPLEMENTATIONS = YES;
				CLANG_WARN_DIRECT_OBJC_ISA_USAGE = YES_ERROR;
				CLANG_WARN_DOCUMENTATION_COMMENTS = YES;
				CLANG_WARN_EMPTY_BODY = YES;
				CLANG_WARN_ENUM_CONVERSION = YES;
				CLANG_WARN_INFINITE_RECURSION = YES;
				CLANG_WARN_INT_CONVERSION = YES;
				CLANG_WARN_NON_LITERAL_NULL_CONVERSION = YES;
				CLANG_WARN_OBJC_IMPLICIT_RETAIN_SELF = YES;
				CLANG_WARN_OBJC_LITERAL_CONVERSION = YES;
				CLANG_WARN_OBJC_ROOT_CLASS = YES_ERROR;
				CLANG_WARN_QUOTED_INCLUDE_IN_FRAMEWORK_HEADER = YES;
				CLANG_WARN_RANGE_LOOP_ANALYSIS = YES;
				CLANG_WARN_STRICT_PROTOTYPES = YES;
				CLANG_WARN_SUSPICIOUS_MOVE = YES;
				CLANG_WARN_UNGUARDED_AVAILABILITY = YES_AGGRESSIVE;
				CLANG_WARN_UNREACHABLE_CODE = YES;
				CLANG_WARN__DUPLICATE_METHOD_MATCH = YES;
				COPY_PHASE_STRIP = NO;
				DEBUG_INFORMATION_FORMAT = "dwarf-with-dsym";
				ENABLE_NS_ASSERTIONS = NO;
				ENABLE_STRICT_OBJC_MSGSEND = YES;
				ENABLE_USER_SCRIPT_SANDBOXING = YES;
				GCC_C_LANGUAGE_STANDARD = gnu17;
				GCC_NO_COMMON_BLOCKS = YES;
				GCC_WARN_64_TO_32_BIT_CONVERSION = YES;
				GCC_WARN_ABOUT_RETURN_TYPE = YES_ERROR;
				GCC_WARN_UNDECLARED_SELECTOR = YES;
				GCC_WARN_UNINITIALIZED_AUTOS = YES_AGGRESSIVE;
				GCC_WARN_UNUSED_FUNCTION = YES;
				GCC_WARN_UNUSED_VARIABLE = YES;
				IPHONEOS_DEPLOYMENT_TARGET = 18.0;
				LOCALIZATION_PREFERS_STRING_CATALOGS = YES;
				MTL_ENABLE_DEBUG_INFO = NO;
				MTL_FAST_MATH = YES;
				SDKROOT = iphoneos;
				SWIFT_COMPILATION_MODE = wholemodule;
				VALIDATE_PRODUCT = YES;
			};
			name = Release;
		};
		F08E18A52DF7949A00FC4ECB /* Debug */ = {
			isa = XCBuildConfiguration;
			buildSettings = {
				ASSETCATALOG_COMPILER_APPICON_NAME = AppIcon;
				ASSETCATALOG_COMPILER_GLOBAL_ACCENT_COLOR_NAME = AccentColor;
				CODE_SIGN_STYLE = Automatic;
				CURRENT_PROJECT_VERSION = 1;
				DEVELOPMENT_ASSET_PATHS = "\"GitSwiftCalculator/Preview Content\"";
				DEVELOPMENT_TEAM = QXVANWBF28;
				ENABLE_PREVIEWS = YES;
				GENERATE_INFOPLIST_FILE = YES;
				INFOPLIST_KEY_UIApplicationSceneManifest_Generation = YES;
				INFOPLIST_KEY_UIApplicationSupportsIndirectInputEvents = YES;
				INFOPLIST_KEY_UILaunchScreen_Generation = YES;
				INFOPLIST_KEY_UISupportedInterfaceOrientations_iPad = "UIInterfaceOrientationPortrait UIInterfaceOrientationPortraitUpsideDown UIInterfaceOrientationLandscapeLeft UIInterfaceOrientationLandscapeRight";
				INFOPLIST_KEY_UISupportedInterfaceOrientations_iPhone = "UIInterfaceOrientationPortrait UIInterfaceOrientationLandscapeLeft UIInterfaceOrientationLandscapeRight";
				LD_RUNPATH_SEARCH_PATHS = (
					"$(inherited)",
					"@executable_path/Frameworks",
				);
				MARKETING_VERSION = 1.0;
				PRODUCT_BUNDLE_IDENTIFIER = com.harza.GitSwiftCalculator;
				PRODUCT_NAME = "$(TARGET_NAME)";
				SWIFT_EMIT_LOC_STRINGS = YES;
				SWIFT_VERSION = 5.0;
				TARGETED_DEVICE_FAMILY = "1,2";
			};
			name = Debug;
		};
		F08E18A62DF7949A00FC4ECB /* Release */ = {
			isa = XCBuildConfiguration;
			buildSettings = {
				ASSETCATALOG_COMPILER_APPICON_NAME = AppIcon;
				ASSETCATALOG_COMPILER_GLOBAL_ACCENT_COLOR_NAME = AccentColor;
				CODE_SIGN_STYLE = Automatic;
				CURRENT_PROJECT_VERSION = 1;
				DEVELOPMENT_ASSET_PATHS = "\"GitSwiftCalculator/Preview Content\"";
				DEVELOPMENT_TEAM = QXVANWBF28;
				ENABLE_PREVIEWS = YES;
				GENERATE_INFOPLIST_FILE = YES;
				INFOPLIST_KEY_UIApplicationSceneManifest_Generation = YES;
				INFOPLIST_KEY_UIApplicationSupportsIndirectInputEvents = YES;
				INFOPLIST_KEY_UILaunchScreen_Generation = YES;
				INFOPLIST_KEY_UISupportedInterfaceOrientations_iPad = "UIInterfaceOrientationPortrait UIInterfaceOrientationPortraitUpsideDown UIInterfaceOrientationLandscapeLeft UIInterfaceOrientationLandscapeRight";
				INFOPLIST_KEY_UISupportedInterfaceOrientations_iPhone = "UIInterfaceOrientationPortrait UIInterfaceOrientationLandscapeLeft UIInterfaceOrientationLandscapeRight";
				LD_RUNPATH_SEARCH_PATHS = (
					"$(inherited)",
					"@executable_path/Frameworks",
				);
				MARKETING_VERSION = 1.0;
				PRODUCT_BUNDLE_IDENTIFIER = com.harza.GitSwiftCalculator;
				PRODUCT_NAME = "$(TARGET_NAME)";
				SWIFT_EMIT_LOC_STRINGS = YES;
				SWIFT_VERSION = 5.0;
				TARGETED_DEVICE_FAMILY = "1,2";
			};
			name = Release;
		};
		F08E18A82DF7949A00FC4ECB /* Debug */ = {
			isa = XCBuildConfiguration;
			buildSettings = {
				BUNDLE_LOADER = "$(TEST_HOST)";
				CODE_SIGN_STYLE = Automatic;
				CURRENT_PROJECT_VERSION = 1;
				DEVELOPMENT_TEAM = QXVANWBF28;
				GENERATE_INFOPLIST_FILE = YES;
				IPHONEOS_DEPLOYMENT_TARGET = 18.0;
				MARKETING_VERSION = 1.0;
				PRODUCT_BUNDLE_IDENTIFIER = com.harza.GitSwiftCalculatorTests;
				PRODUCT_NAME = "$(TARGET_NAME)";
				SWIFT_EMIT_LOC_STRINGS = NO;
				SWIFT_VERSION = 5.0;
				TARGETED_DEVICE_FAMILY = "1,2";
				TEST_HOST = "$(BUILT_PRODUCTS_DIR)/GitSwiftCalculator.app/$(BUNDLE_EXECUTABLE_FOLDER_PATH)/GitSwiftCalculator";
			};
			name = Debug;
		};
		F08E18A92DF7949A00FC4ECB /* Release */ = {
			isa = XCBuildConfiguration;
			buildSettings = {
				BUNDLE_LOADER = "$(TEST_HOST)";
				CODE_SIGN_STYLE = Automatic;
				CURRENT_PROJECT_VERSION = 1;
				DEVELOPMENT_TEAM = QXVANWBF28;
				GENERATE_INFOPLIST_FILE = YES;
				IPHONEOS_DEPLOYMENT_TARGET = 18.0;
				MARKETING_VERSION = 1.0;
				PRODUCT_BUNDLE_IDENTIFIER = com.harza.GitSwiftCalculatorTests;
				PRODUCT_NAME = "$(TARGET_NAME)";
				SWIFT_EMIT_LOC_STRINGS = NO;
				SWIFT_VERSION = 5.0;
				TARGETED_DEVICE_FAMILY = "1,2";
				TEST_HOST = "$(BUILT_PRODUCTS_DIR)/GitSwiftCalculator.app/$(BUNDLE_EXECUTABLE_FOLDER_PATH)/GitSwiftCalculator";
			};
			name = Release;
		};
		F08E18AB2DF7949A00FC4ECB /* Debug */ = {
			isa = XCBuildConfiguration;
			buildSettings = {
				CODE_SIGN_STYLE = Automatic;
				CURRENT_PROJECT_VERSION = 1;
				DEVELOPMENT_TEAM = QXVANWBF28;
				GENERATE_INFOPLIST_FILE = YES;
				MARKETING_VERSION = 1.0;
				PRODUCT_BUNDLE_IDENTIFIER = com.harza.GitSwiftCalculatorUITests;
				PRODUCT_NAME = "$(TARGET_NAME)";
				SWIFT_EMIT_LOC_STRINGS = NO;
				SWIFT_VERSION = 5.0;
				TARGETED_DEVICE_FAMILY = "1,2";
				TEST_TARGET_NAME = GitSwiftCalculator;
			};
			name = Debug;
		};
		F08E18AC2DF7949A00FC4ECB /* Release */ = {
			isa = XCBuildConfiguration;
			buildSettings = {
				CODE_SIGN_STYLE = Automatic;
				CURRENT_PROJECT_VERSION = 1;
				DEVELOPMENT_TEAM = QXVANWBF28;
				GENERATE_INFOPLIST_FILE = YES;
				MARKETING_VERSION = 1.0;
				PRODUCT_BUNDLE_IDENTIFIER = com.harza.GitSwiftCalculatorUITests;
				PRODUCT_NAME = "$(TARGET_NAME)";
				SWIFT_EMIT_LOC_STRINGS = NO;
				SWIFT_VERSION = 5.0;
				TARGETED_DEVICE_FAMILY = "1,2";
				TEST_TARGET_NAME = GitSwiftCalculator;
			};
			name = Release;
		};
/* End XCBuildConfiguration section */

/* Begin XCConfigurationList section */
		F08E187B2DF7949900FC4ECB /* Build configuration list for PBXProject "GitSwiftCalculator" */ = {
			isa = XCConfigurationList;
			buildConfigurations = (
				F08E18A22DF7949A00FC4ECB /* Debug */,
				F08E18A32DF7949A00FC4ECB /* Release */,
			);
			defaultConfigurationIsVisible = 0;
			defaultConfigurationName = Release;
		};
		F08E18A42DF7949A00FC4ECB /* Build configuration list for PBXNativeTarget "GitSwiftCalculator" */ = {
			isa = XCConfigurationList;
			buildConfigurations = (
				F08E18A52DF7949A00FC4ECB /* Debug */,
				F08E18A62DF7949A00FC4ECB /* Release */,
			);
			defaultConfigurationIsVisible = 0;
			defaultConfigurationName = Release;
		};
		F08E18A72DF7949A00FC4ECB /* Build configuration list for PBXNativeTarget "GitSwiftCalculatorTests" */ = {
			isa = XCConfigurationList;
			buildConfigurations = (
				F08E18A82DF7949A00FC4ECB /* Debug */,
				F08E18A92DF7949A00FC4ECB /* Release */,
			);
			defaultConfigurationIsVisible = 0;
			defaultConfigurationName = Release;
		};
		F08E18AA2DF7949A00FC4ECB /* Build configuration list for PBXNativeTarget "GitSwiftCalculatorUITests" */ = {
			isa = XCConfigurationList;
			buildConfigurations = (
				F08E18AB2DF7949A00FC4ECB /* Debug */,
				F08E18AC2DF7949A00FC4ECB /* Release */,
			);
			defaultConfigurationIsVisible = 0;
			defaultConfigurationName = Release;
		};
/* End XCConfigurationList section */
	};
	rootObject = F08E18782DF7949900FC4ECB /* Project object */;
}
